
Microsoft Visual Studio Solution File, Format Version 11.00
# Visual Studio 2010
Project("{FAE04EC0-301F-11D3-BF4B-00C04F79EFBC}") = "IfFastInjector", "IfFastInjector\IfFastInjector.csproj", "{E223D620-7563-4C59-8361-B10A7C398723}"
EndProject
Project("{FAE04EC0-301F-11D3-BF4B-00C04F79EFBC}") = "IfFastInjectorTest", "IfFastInjectorTest\IfFastInjectorTest.csproj", "{083C5427-83BA-4579-A000-AC49EE2F4105}"
EndProject
Global
	GlobalSection(SolutionConfigurationPlatforms) = preSolution
		Debug|Any CPU = Debug|Any CPU
		Release|Any CPU = Release|Any CPU
	EndGlobalSection
	GlobalSection(ProjectConfigurationPlatforms) = postSolution
		{083C5427-83BA-4579-A000-AC49EE2F4105}.Debug|Any CPU.ActiveCfg = Debug|Any CPU
		{083C5427-83BA-4579-A000-AC49EE2F4105}.Debug|Any CPU.Build.0 = Debug|Any CPU
		{083C5427-83BA-4579-A000-AC49EE2F4105}.Release|Any CPU.ActiveCfg = Release|Any CPU
		{083C5427-83BA-4579-A000-AC49EE2F4105}.Release|Any CPU.Build.0 = Release|Any CPU
		{E223D620-7563-4C59-8361-B10A7C398723}.Debug|Any CPU.ActiveCfg = Debug|Any CPU
		{E223D620-7563-4C59-8361-B10A7C398723}.Debug|Any CPU.Build.0 = Debug|Any CPU
		{E223D620-7563-4C59-8361-B10A7C398723}.Release|Any CPU.ActiveCfg = Release|Any CPU
		{E223D620-7563-4C59-8361-B10A7C398723}.Release|Any CPU.Build.0 = Release|Any CPU
	EndGlobalSection
	GlobalSection(MonoDevelopProperties) = preSolution
		StartupItem = IfFastInjector\IfFastInjector.csproj
	EndGlobalSection
EndGlobal
