
Microsoft Visual Studio Solution File, Format Version 11.00
# Visual Studio 2010
Project("{2150E333-8FDC-42A3-9474-1A3956D46DE8}") = "Solution Items", "Solution Items", "{92960D9E-5BDF-4B3D-880F-5DF3049B94B9}"
	ProjectSection(SolutionItems) = preProject
		LICENSE.txt = LICENSE.txt
		README.md = README.md
		CHANGES.txt = CHANGES.txt
	EndProjectSection
EndProject
Project("{FAE04EC0-301F-11D3-BF4B-00C04F79EFBC}") = "IfInjector", "IfInjector\IfInjector.csproj", "{E223D620-7563-4C59-8361-B10A7C398723}"
EndProject
Project("{FAE04EC0-301F-11D3-BF4B-00C04F79EFBC}") = "IfInjectorTest", "IfInjectorTest\IfInjectorTest.csproj", "{083C5427-83BA-4579-A000-AC49EE2F4105}"
EndProject
Project("{FAE04EC0-301F-11D3-BF4B-00C04F79EFBC}") = "IfInjectorBenchmarks", "IfInjectorBenchmarks\IfInjectorBenchmarks.csproj", "{1254F89A-40A7-4F96-95AC-6483C64713B5}"
EndProject
Global
	GlobalSection(SolutionConfigurationPlatforms) = preSolution
		Debug|Any CPU = Debug|Any CPU
		Release|Any CPU = Release|Any CPU
	EndGlobalSection
	GlobalSection(ProjectConfigurationPlatforms) = postSolution
		{083C5427-83BA-4579-A000-AC49EE2F4105}.Debug|Any CPU.ActiveCfg = Debug|Any CPU
		{083C5427-83BA-4579-A000-AC49EE2F4105}.Debug|Any CPU.Build.0 = Debug|Any CPU
		{083C5427-83BA-4579-A000-AC49EE2F4105}.Release|Any CPU.ActiveCfg = Release|Any CPU
		{083C5427-83BA-4579-A000-AC49EE2F4105}.Release|Any CPU.Build.0 = Release|Any CPU
		{1254F89A-40A7-4F96-95AC-6483C64713B5}.Debug|Any CPU.ActiveCfg = Debug|Any CPU
		{1254F89A-40A7-4F96-95AC-6483C64713B5}.Debug|Any CPU.Build.0 = Debug|Any CPU
		{1254F89A-40A7-4F96-95AC-6483C64713B5}.Release|Any CPU.ActiveCfg = Release|Any CPU
		{1254F89A-40A7-4F96-95AC-6483C64713B5}.Release|Any CPU.Build.0 = Release|Any CPU
		{E223D620-7563-4C59-8361-B10A7C398723}.Debug|Any CPU.ActiveCfg = Debug|Any CPU
		{E223D620-7563-4C59-8361-B10A7C398723}.Debug|Any CPU.Build.0 = Debug|Any CPU
		{E223D620-7563-4C59-8361-B10A7C398723}.Release|Any CPU.ActiveCfg = Release|Any CPU
		{E223D620-7563-4C59-8361-B10A7C398723}.Release|Any CPU.Build.0 = Release|Any CPU
	EndGlobalSection
	GlobalSection(NestedProjects) = preSolution
	EndGlobalSection
	GlobalSection(MonoDevelopProperties) = preSolution
		StartupItem = IfInjector\IfInjector.csproj
		description = IfInjector is a high performance mobile IoC container.
		version = 0.5
	EndGlobalSection
EndGlobal
